{
  "name": "screenshot-to-design-system-docs",
  "version": "0.1.0",
  "lockfileVersion": 3,
  "requires": true,
  "packages": {
    "": {
      "name": "screenshot-to-design-system-docs",
      "version": "0.1.0",
      "dependencies": {
        "cytoscape": "^3.33.4"
      }
    },
    "node_modules/cytoscape": {
      "version": "3.33.4",
      "resolved": "https://registry.npmjs.org/cytoscape/-/cytoscape-3.33.4.tgz",
      "integrity": "sha512-HIN5Pmd9MrX9BkV7tDwnOcEJCSFvCpc8X97h3f508J6I5FsqAY65wKOCvgH2CuP42CaahWaz4tuh32SOOIH7ww==",
      "license": "MIT",
      "engines": {
        "node": ">=0.10"
      }
    }
  }
}
